Microsoft Visual Studio Solution File, Format Version 12.00
# Visual Studio Version 16
VisualStudioVersion = 16.0.30011.22
MinimumVisualStudioVersion = 10.0.40219.1
Project("{F184B08F-C81C-45F6-A57F-5ABD9991F28F}") = "E1883", "E1883\E1883.vbproj", "{142874BD-5861-4E8F-A318-0E1DBCAE4077}"
EndProject
Project("{778DAE3C-4631-46EA-AA77-85C1314464D9}") = "E1883_NetCore", "E1883_NetCore\E1883_NetCore.vbproj", "{1333A8F8-6548-4944-B8FF-B8A42BF48472}"
EndProject
Global
	GlobalSection(SolutionConfigurationPlatforms) = preSolution
		Debug|Any CPU = Debug|Any CPU
		Release|Any CPU = Release|Any CPU
	EndGlobalSection
	GlobalSection(ProjectConfigurationPlatforms) = postSolution
		{142874BD-5861-4E8F-A318-0E1DBCAE4077}.Debug|Any CPU.ActiveCfg = Debug|Any CPU
		{142874BD-5861-4E8F-A318-0E1DBCAE4077}.Debug|Any CPU.Build.0 = Debug|Any CPU
		{142874BD-5861-4E8F-A318-0E1DBCAE4077}.Release|Any CPU.ActiveCfg = Release|Any CPU
		{142874BD-5861-4E8F-A318-0E1DBCAE4077}.Release|Any CPU.Build.0 = Release|Any CPU
		{1333A8F8-6548-4944-B8FF-B8A42BF48472}.Debug|Any CPU.ActiveCfg = Debug|Any CPU
		{1333A8F8-6548-4944-B8FF-B8A42BF48472}.Debug|Any CPU.Build.0 = Debug|Any CPU
		{1333A8F8-6548-4944-B8FF-B8A42BF48472}.Release|Any CPU.ActiveCfg = Release|Any CPU
		{1333A8F8-6548-4944-B8FF-B8A42BF48472}.Release|Any CPU.Build.0 = Release|Any CPU
	EndGlobalSection
	GlobalSection(SolutionProperties) = preSolution
		HideSolutionNode = FALSE
	EndGlobalSection
	GlobalSection(ExtensibilityGlobals) = postSolution
		SolutionGuid = {382A3E4B-14E4-4A0B-B513-E364E98F156C}
	EndGlobalSection
EndGlobal
